
Microsoft Visual Studio Solution File, Format Version 12.00
# Visual Studio Version 16
VisualStudioVersion = 16.0.30204.135
MinimumVisualStudioVersion = 10.0.40219.1
Project("{FAE04EC0-301F-11D3-BF4B-00C04F79EFBC}") = "folderintegrity", "folderintegrity\folderintegrity.csproj", "{AF3218EE-2DB4-4258-B0DD-83BC76C702B0}"
EndProject
Global
	GlobalSection(SolutionConfigurationPlatforms) = preSolution
		Debug|Any CPU = Debug|Any CPU
		Release|Any CPU = Release|Any CPU
	EndGlobalSection
	GlobalSection(ProjectConfigurationPlatforms) = postSolution
		{AF3218EE-2DB4-4258-B0DD-83BC76C702B0}.Debug|Any CPU.ActiveCfg = Debug|Any CPU
		{AF3218EE-2DB4-4258-B0DD-83BC76C702B0}.Debug|Any CPU.Build.0 = Debug|Any CPU
		{AF3218EE-2DB4-4258-B0DD-83BC76C702B0}.Release|Any CPU.ActiveCfg = Release|Any CPU
		{AF3218EE-2DB4-4258-B0DD-83BC76C702B0}.Release|Any CPU.Build.0 = Release|Any CPU
	EndGlobalSection
	GlobalSection(SolutionProperties) = preSolution
		HideSolutionNode = FALSE
	EndGlobalSection
	GlobalSection(ExtensibilityGlobals) = postSolution
		SolutionGuid = {4EEFC65B-5080-43B9-93BE-E27025E3B61C}
	EndGlobalSection
EndGlobal
